
Microsoft Visual Studio Solution File, Format Version 12.00
# Visual Studio Version 16
VisualStudioVersion = 16.0.31105.61
MinimumVisualStudioVersion = 10.0.40219.1
Project("{FAE04EC0-301F-11D3-BF4B-00C04F79EFBC}") = "Khidmat", "Khidmat\Khidmat.csproj", "{0D887ECD-4724-4F38-A017-39779DFE15EA}"
EndProject
Global
	GlobalSection(SolutionConfigurationPlatforms) = preSolution
		Debug|Any CPU = Debug|Any CPU
		Release|Any CPU = Release|Any CPU
	EndGlobalSection
	GlobalSection(ProjectConfigurationPlatforms) = postSolution
		{0D887ECD-4724-4F38-A017-39779DFE15EA}.Debug|Any CPU.ActiveCfg = Debug|Any CPU
		{0D887ECD-4724-4F38-A017-39779DFE15EA}.Debug|Any CPU.Build.0 = Debug|Any CPU
		{0D887ECD-4724-4F38-A017-39779DFE15EA}.Release|Any CPU.ActiveCfg = Release|Any CPU
		{0D887ECD-4724-4F38-A017-39779DFE15EA}.Release|Any CPU.Build.0 = Release|Any CPU
	EndGlobalSection
	GlobalSection(SolutionProperties) = preSolution
		HideSolutionNode = FALSE
	EndGlobalSection
	GlobalSection(ExtensibilityGlobals) = postSolution
		SolutionGuid = {650AB944-ADC4-45BF-A718-D171BB62F7D2}
	EndGlobalSection
EndGlobal
